
Microsoft Visual Studio Solution File, Format Version 12.00
# Visual Studio Version 16
VisualStudioVersion = 16.0.29728.190
MinimumVisualStudioVersion = 10.0.40219.1
Project("{FAE04EC0-301F-11D3-BF4B-00C04F79EFBC}") = "guessNumber", "guessNumber.csproj", "{50EE037E-57EA-4289-B392-003DE1F5B8BA}"
EndProject
Global
	GlobalSection(SolutionConfigurationPlatforms) = preSolution
		Debug|Any CPU = Debug|Any CPU
		Release|Any CPU = Release|Any CPU
	EndGlobalSection
	GlobalSection(ProjectConfigurationPlatforms) = postSolution
		{50EE037E-57EA-4289-B392-003DE1F5B8BA}.Debug|Any CPU.ActiveCfg = Debug|Any CPU
		{50EE037E-57EA-4289-B392-003DE1F5B8BA}.Debug|Any CPU.Build.0 = Debug|Any CPU
		{50EE037E-57EA-4289-B392-003DE1F5B8BA}.Release|Any CPU.ActiveCfg = Release|Any CPU
		{50EE037E-57EA-4289-B392-003DE1F5B8BA}.Release|Any CPU.Build.0 = Release|Any CPU
	EndGlobalSection
	GlobalSection(SolutionProperties) = preSolution
		HideSolutionNode = FALSE
	EndGlobalSection
	GlobalSection(ExtensibilityGlobals) = postSolution
		SolutionGuid = {82BDEFAB-9DC8-4919-A468-C0FB757B8015}
	EndGlobalSection
EndGlobal
